// !$*UTF8*$!
{
	archiveVersion = 1;
	classes = {
	};
	objectVersion = 56;
	objects = {

/* Begin PBXBuildFile section */
		A10000000000000000000001 /* AppDelegate.swift in Sources */ = {isa = PBXBuildFile; fileRef = A10000000000000000000011 /* AppDelegate.swift */; };
		A10000000000000000000004 /* SceneDelegate.swift in Sources */ = {isa = PBXBuildFile; fileRef = A10000000000000000000015 /* SceneDelegate.swift */; };
		A10000000000000000000002 /* HostedOfferPresentationTests.swift in Sources */ = {isa = PBXBuildFile; fileRef = A10000000000000000000012 /* HostedOfferPresentationTests.swift */; };
		A10000000000000000000003 /* ZeyWinSDK in Frameworks */ = {isa = PBXBuildFile; productRef = A10000000000000000000021 /* ZeyWinSDK */; };
/* End PBXBuildFile section */

/* Begin PBXContainerItemProxy section */
		A10000000000000000000031 /* PBXContainerItemProxy */ = {
			isa = PBXContainerItemProxy;
			containerPortal = A10000000000000000000051 /* Project object */;
			proxyType = 1;
			remoteGlobalIDString = A10000000000000000000061;
			remoteInfo = ZeyWinSDKTestHost;
		};
/* End PBXContainerItemProxy section */

/* Begin PBXFileReference section */
		A10000000000000000000011 /* AppDelegate.swift */ = {isa = PBXFileReference; lastKnownFileType = sourcecode.swift; path = ZeyWinSDKTestHost/AppDelegate.swift; sourceTree = SOURCE_ROOT; };
		A10000000000000000000012 /* HostedOfferPresentationTests.swift */ = {isa = PBXFileReference; lastKnownFileType = sourcecode.swift; path = ZeyWinSDKHostedIntegrationTests/HostedOfferPresentationTests.swift; sourceTree = SOURCE_ROOT; };
		A10000000000000000000015 /* SceneDelegate.swift */ = {isa = PBXFileReference; lastKnownFileType = sourcecode.swift; path = ZeyWinSDKTestHost/SceneDelegate.swift; sourceTree = SOURCE_ROOT; };
		A10000000000000000000016 /* Info.plist */ = {isa = PBXFileReference; lastKnownFileType = text.plist.xml; path = ZeyWinSDKTestHost/Info.plist; sourceTree = SOURCE_ROOT; };
		A10000000000000000000013 /* ZeyWinSDKTestHost.app */ = {isa = PBXFileReference; explicitFileType = wrapper.application; includeInIndex = 0; path = ZeyWinSDKTestHost.app; sourceTree = BUILT_PRODUCTS_DIR; };
		A10000000000000000000014 /* ZeyWinSDKHostedIntegrationTests.xctest */ = {isa = PBXFileReference; explicitFileType = wrapper.cfbundle; includeInIndex = 0; path = ZeyWinSDKHostedIntegrationTests.xctest; sourceTree = BUILT_PRODUCTS_DIR; };
/* End PBXFileReference section */

/* Begin PBXFrameworksBuildPhase section */
		A10000000000000000000071 /* Frameworks */ = {
			isa = PBXFrameworksBuildPhase;
			buildActionMask = 2147483647;
			files = (
			);
			runOnlyForDeploymentPostprocessing = 0;
		};
		A10000000000000000000072 /* Frameworks */ = {
			isa = PBXFrameworksBuildPhase;
			buildActionMask = 2147483647;
			files = (
				A10000000000000000000003 /* ZeyWinSDK in Frameworks */,
			);
			runOnlyForDeploymentPostprocessing = 0;
		};
/* End PBXFrameworksBuildPhase section */

/* Begin PBXGroup section */
		A10000000000000000000081 = {
			isa = PBXGroup;
			children = (
				A10000000000000000000011 /* AppDelegate.swift */,
				A10000000000000000000015 /* SceneDelegate.swift */,
				A10000000000000000000016 /* Info.plist */,
				A10000000000000000000012 /* HostedOfferPresentationTests.swift */,
				A10000000000000000000082 /* Products */,
			);
			sourceTree = "<group>";
		};
		A10000000000000000000082 /* Products */ = {
			isa = PBXGroup;
			children = (
				A10000000000000000000013 /* ZeyWinSDKTestHost.app */,
				A10000000000000000000014 /* ZeyWinSDKHostedIntegrationTests.xctest */,
			);
			name = Products;
			sourceTree = "<group>";
		};
/* End PBXGroup section */

/* Begin PBXNativeTarget section */
		A10000000000000000000061 /* ZeyWinSDKTestHost */ = {
			isa = PBXNativeTarget;
			buildConfigurationList = A10000000000000000000091 /* Build configuration list for PBXNativeTarget "ZeyWinSDKTestHost" */;
			buildPhases = (
				A10000000000000000000071 /* Frameworks */,
				A100000000000000000000A1 /* Sources */,
			);
			buildRules = (
			);
			dependencies = (
			);
			name = ZeyWinSDKTestHost;
			productName = ZeyWinSDKTestHost;
			productReference = A10000000000000000000013 /* ZeyWinSDKTestHost.app */;
			productType = "com.apple.product-type.application";
		};
		A10000000000000000000062 /* ZeyWinSDKHostedIntegrationTests */ = {
			isa = PBXNativeTarget;
			buildConfigurationList = A10000000000000000000092 /* Build configuration list for PBXNativeTarget "ZeyWinSDKHostedIntegrationTests" */;
			buildPhases = (
				A10000000000000000000072 /* Frameworks */,
				A100000000000000000000A2 /* Sources */,
			);
			buildRules = (
			);
			dependencies = (
				A10000000000000000000041 /* PBXTargetDependency */,
			);
			name = ZeyWinSDKHostedIntegrationTests;
			packageProductDependencies = (
				A10000000000000000000021 /* ZeyWinSDK */,
			);
			productName = ZeyWinSDKHostedIntegrationTests;
			productReference = A10000000000000000000014 /* ZeyWinSDKHostedIntegrationTests.xctest */;
			productType = "com.apple.product-type.bundle.unit-test";
		};
/* End PBXNativeTarget section */

/* Begin PBXProject section */
		A10000000000000000000051 /* Project object */ = {
			isa = PBXProject;
			attributes = {
				BuildIndependentTargetsInParallel = 1;
				LastSwiftUpdateCheck = 2600;
				LastUpgradeCheck = 2600;
				TargetAttributes = {
					A10000000000000000000061 = {
						CreatedOnToolsVersion = 26.0;
					};
					A10000000000000000000062 = {
						CreatedOnToolsVersion = 26.0;
						TestTargetID = A10000000000000000000061;
					};
				};
			};
			buildConfigurationList = A10000000000000000000093 /* Build configuration list for PBXProject "ZeyWinSDKTestHost" */;
			compatibilityVersion = "Xcode 14.0";
			developmentRegion = en;
			hasScannedForEncodings = 0;
			knownRegions = (
				en,
				Base,
			);
			mainGroup = A10000000000000000000081;
			packageReferences = (
				A10000000000000000000022 /* XCLocalSwiftPackageReference ".." */,
			);
			productRefGroup = A10000000000000000000082 /* Products */;
			projectDirPath = "";
			projectRoot = "";
			targets = (
				A10000000000000000000061 /* ZeyWinSDKTestHost */,
				A10000000000000000000062 /* ZeyWinSDKHostedIntegrationTests */,
			);
		};
/* End PBXProject section */

/* Begin PBXResourcesBuildPhase section */
/* End PBXResourcesBuildPhase section */

/* Begin PBXSourcesBuildPhase section */
		A100000000000000000000A1 /* Sources */ = {
			isa = PBXSourcesBuildPhase;
			buildActionMask = 2147483647;
			files = (
				A10000000000000000000001 /* AppDelegate.swift in Sources */,
				A10000000000000000000004 /* SceneDelegate.swift in Sources */,
			);
			runOnlyForDeploymentPostprocessing = 0;
		};
		A100000000000000000000A2 /* Sources */ = {
			isa = PBXSourcesBuildPhase;
			buildActionMask = 2147483647;
			files = (
				A10000000000000000000002 /* HostedOfferPresentationTests.swift in Sources */,
			);
			runOnlyForDeploymentPostprocessing = 0;
		};
/* End PBXSourcesBuildPhase section */

/* Begin PBXTargetDependency section */
		A10000000000000000000041 /* PBXTargetDependency */ = {
			isa = PBXTargetDependency;
			target = A10000000000000000000061 /* ZeyWinSDKTestHost */;
			targetProxy = A10000000000000000000031 /* PBXContainerItemProxy */;
		};
/* End PBXTargetDependency section */

/* Begin XCBuildConfiguration section */
		A100000000000000000000B1 /* Debug */ = {
			isa = XCBuildConfiguration;
			buildSettings = {
				CLANG_ENABLE_MODULES = YES;
				CODE_SIGN_STYLE = Automatic;
				DEVELOPMENT_TEAM = "";
				IPHONEOS_DEPLOYMENT_TARGET = 15.0;
				SDKROOT = iphoneos;
			};
			name = Debug;
		};
		A100000000000000000000B2 /* Release */ = {
			isa = XCBuildConfiguration;
			buildSettings = {
				CLANG_ENABLE_MODULES = YES;
				CODE_SIGN_STYLE = Automatic;
				DEVELOPMENT_TEAM = "";
				IPHONEOS_DEPLOYMENT_TARGET = 15.0;
				SDKROOT = iphoneos;
			};
			name = Release;
		};
		A100000000000000000000C1 /* Debug */ = {
			isa = XCBuildConfiguration;
			buildSettings = {
				CODE_SIGN_STYLE = Automatic;
				CURRENT_PROJECT_VERSION = 1;
				INFOPLIST_FILE = ZeyWinSDKTestHost/Info.plist;
				IPHONEOS_DEPLOYMENT_TARGET = 15.0;
				MARKETING_VERSION = 1.0;
				PRODUCT_BUNDLE_IDENTIFIER = com.zeywin.sdk.testhost;
				PRODUCT_NAME = "$(TARGET_NAME)";
				SWIFT_VERSION = 5.0;
				TARGETED_DEVICE_FAMILY = 1;
			};
			name = Debug;
		};
		A100000000000000000000C2 /* Release */ = {
			isa = XCBuildConfiguration;
			buildSettings = {
				CODE_SIGN_STYLE = Automatic;
				CURRENT_PROJECT_VERSION = 1;
				INFOPLIST_FILE = ZeyWinSDKTestHost/Info.plist;
				IPHONEOS_DEPLOYMENT_TARGET = 15.0;
				MARKETING_VERSION = 1.0;
				PRODUCT_BUNDLE_IDENTIFIER = com.zeywin.sdk.testhost;
				PRODUCT_NAME = "$(TARGET_NAME)";
				SWIFT_VERSION = 5.0;
				TARGETED_DEVICE_FAMILY = 1;
			};
			name = Release;
		};
		A100000000000000000000D1 /* Debug */ = {
			isa = XCBuildConfiguration;
			buildSettings = {
				BUNDLE_LOADER = "$(TEST_HOST)";
				CODE_SIGN_STYLE = Automatic;
				GENERATE_INFOPLIST_FILE = YES;
				IPHONEOS_DEPLOYMENT_TARGET = 15.0;
				PRODUCT_BUNDLE_IDENTIFIER = com.zeywin.sdk.testhost.integrationtests;
				PRODUCT_NAME = "$(TARGET_NAME)";
				SWIFT_VERSION = 5.0;
				TEST_HOST = "$(BUILT_PRODUCTS_DIR)/ZeyWinSDKTestHost.app/ZeyWinSDKTestHost";
				TEST_TARGET_NAME = ZeyWinSDKTestHost;
			};
			name = Debug;
		};
		A100000000000000000000D2 /* Release */ = {
			isa = XCBuildConfiguration;
			buildSettings = {
				BUNDLE_LOADER = "$(TEST_HOST)";
				CODE_SIGN_STYLE = Automatic;
				GENERATE_INFOPLIST_FILE = YES;
				IPHONEOS_DEPLOYMENT_TARGET = 15.0;
				PRODUCT_BUNDLE_IDENTIFIER = com.zeywin.sdk.testhost.integrationtests;
				PRODUCT_NAME = "$(TARGET_NAME)";
				SWIFT_VERSION = 5.0;
				TEST_HOST = "$(BUILT_PRODUCTS_DIR)/ZeyWinSDKTestHost.app/ZeyWinSDKTestHost";
				TEST_TARGET_NAME = ZeyWinSDKTestHost;
			};
			name = Release;
		};
/* End XCBuildConfiguration section */

/* Begin XCConfigurationList section */
		A10000000000000000000091 /* Build configuration list for PBXNativeTarget "ZeyWinSDKTestHost" */ = {
			isa = XCConfigurationList;
			buildConfigurations = (
				A100000000000000000000C1 /* Debug */,
				A100000000000000000000C2 /* Release */,
			);
			defaultConfigurationIsVisible = 0;
			defaultConfigurationName = Release;
		};
		A10000000000000000000092 /* Build configuration list for PBXNativeTarget "ZeyWinSDKHostedIntegrationTests" */ = {
			isa = XCConfigurationList;
			buildConfigurations = (
				A100000000000000000000D1 /* Debug */,
				A100000000000000000000D2 /* Release */,
			);
			defaultConfigurationIsVisible = 0;
			defaultConfigurationName = Release;
		};
		A10000000000000000000093 /* Build configuration list for PBXProject "ZeyWinSDKTestHost" */ = {
			isa = XCConfigurationList;
			buildConfigurations = (
				A100000000000000000000B1 /* Debug */,
				A100000000000000000000B2 /* Release */,
			);
			defaultConfigurationIsVisible = 0;
			defaultConfigurationName = Release;
		};
/* End XCConfigurationList section */

/* Begin XCLocalSwiftPackageReference section */
		A10000000000000000000022 /* XCLocalSwiftPackageReference ".." */ = {
			isa = XCLocalSwiftPackageReference;
			relativePath = ..;
		};
/* End XCLocalSwiftPackageReference section */

/* Begin XCSwiftPackageProductDependency section */
		A10000000000000000000021 /* ZeyWinSDK */ = {
			isa = XCSwiftPackageProductDependency;
			package = A10000000000000000000022 /* XCLocalSwiftPackageReference "../.." */;
			productName = ZeyWinSDK;
		};
/* End XCSwiftPackageProductDependency section */
	};
	rootObject = A10000000000000000000051 /* Project object */;
}
